
Microsoft Visual Studio Solution File, Format Version 12.00
# Visual Studio Version 16
VisualStudioVersion = 16.0.30907.101
MinimumVisualStudioVersion = 10.0.40219.1
Project("{FAE04EC0-301F-11D3-BF4B-00C04F79EFBC}") = "ZigZagTest", "ConsoleApp2\ZigZagTest.csproj", "{6F607FA1-42BF-4D6A-8949-849E867793CC}"
EndProject
Global
	GlobalSection(SolutionConfigurationPlatforms) = preSolution
		Debug|Any CPU = Debug|Any CPU
		Release|Any CPU = Release|Any CPU
	EndGlobalSection
	GlobalSection(ProjectConfigurationPlatforms) = postSolution
		{6F607FA1-42BF-4D6A-8949-849E867793CC}.Debug|Any CPU.ActiveCfg = Debug|Any CPU
		{6F607FA1-42BF-4D6A-8949-849E867793CC}.Debug|Any CPU.Build.0 = Debug|Any CPU
		{6F607FA1-42BF-4D6A-8949-849E867793CC}.Release|Any CPU.ActiveCfg = Release|Any CPU
		{6F607FA1-42BF-4D6A-8949-849E867793CC}.Release|Any CPU.Build.0 = Release|Any CPU
	EndGlobalSection
	GlobalSection(SolutionProperties) = preSolution
		HideSolutionNode = FALSE
	EndGlobalSection
	GlobalSection(ExtensibilityGlobals) = postSolution
		SolutionGuid = {B2AB859A-8DE8-4E8F-B622-B39F46B22858}
	EndGlobalSection
EndGlobal
